{"SurveyEntry":{"SurveyID":"SV_8Bbgqex21KyYDFY","SurveyName":"Testing preservation","SurveyDescription":null,"SurveyOwnerID":"URH_efbfGc9kuVXJdRy","SurveyBrandID":"cornell","DivisionID":null,"SurveyLanguage":"EN","SurveyActiveResponseSet":"RS_eRNGnHWvlMz3gea","SurveyStatus":"Active","SurveyStartDate":"0000-00-00 00:00:00","SurveyExpirationDate":"0000-00-00 00:00:00","SurveyCreationDate":"2025-07-01 08:16:36","CreatorID":"URH_efbfGc9kuVXJdRy","LastModified":"2026-01-14 07:06:36","LastAccessed":"0000-00-00 00:00:00","LastActivated":"2025-11-24 18:05:56","Deleted":null},"SurveyElements":[{"SurveyID":"SV_8Bbgqex21KyYDFY","Element":"BL","PrimaryAttribute":"Survey Blocks","SecondaryAttribute":null,"TertiaryAttribute":null,"Payload":[{"Type":"Default","Description":" ","ID":"BL_6Gr5bBaB40e6XL8","BlockElements":[{"Type":"Question","QuestionID":"QID1"},{"Type":"Page Break"},{"Type":"Question","QuestionID":"QID2"},{"Type":"Page Break"},{"Type":"Question","QuestionID":"QID3"},{"Type":"Question","QuestionID":"QID4"},{"Type":"Question","QuestionID":"QID5"},{"Type":"Question","QuestionID":"QID6"},{"Type":"Question","QuestionID":"QID7"}],"Options":{"BlockLocking":"false","RandomizeQuestions":"false","BlockVisibility":"Expanded"}},{"Type":"Trash","Description":"Trash \/ Unused Questions","ID":"BL_0kTH6GaX4eOGQFU"}]},{"SurveyID":"SV_8Bbgqex21KyYDFY","Element":"FL","PrimaryAttribute":"Survey Flow","SecondaryAttribute":null,"TertiaryAttribute":null,"Payload":{"Type":"Root","FlowID":"FL_1","Flow":[{"Type":"Block","ID":"BL_6Gr5bBaB40e6XL8","FlowID":"FL_10","Autofill":[]},{"Type":"Branch","FlowID":"FL_14","Description":"New Branch","BranchLogic":{"0":{"0":{"LogicType":"Question","QuestionID":"QID1","QuestionIsInLoop":"no","ChoiceLocator":"q:\/\/QID1\/SelectableChoice\/2","Operator":"Selected","QuestionIDFromLocator":"QID1","LeftOperand":"q:\/\/QID1\/SelectableChoice\/2","Type":"Expression","Description":"<span class=\"ConjDesc\">If<\/span> <span class=\"QuestionDesc\">This brief survey will be used as a demonstration of how to collect data, clean the data and remove any confidential information, and publish the data. The information collected is entirely anonymo...<\/span> <span class=\"LeftOpDesc\">No<\/span> <span class=\"OpDesc\">Is Selected<\/span> "},"Type":"If"},"Type":"BooleanExpression"},"Flow":[{"Type":"EndSurvey","FlowID":"FL_15"}]}],"Properties":{"Count":15}}},{"SurveyID":"SV_8Bbgqex21KyYDFY","Element":"PL","PrimaryAttribute":"Preview Link","SecondaryAttribute":null,"TertiaryAttribute":null,"Payload":{"PreviewType":"Brand","PreviewID":"8fce5326-6082-44d1-876c-524c974c26e6"}},{"SurveyID":"SV_8Bbgqex21KyYDFY","Element":"PROJ","PrimaryAttribute":"CORE","SecondaryAttribute":null,"TertiaryAttribute":"1.1.0","Payload":{"ProjectCategory":"CORE","SchemaVersion":"1.1.0"}},{"SurveyID":"SV_8Bbgqex21KyYDFY","Element":"QC","PrimaryAttribute":"Survey Question Count","SecondaryAttribute":"7","TertiaryAttribute":null,"Payload":null},{"SurveyID":"SV_8Bbgqex21KyYDFY","Element":"QG","PrimaryAttribute":"QG_MAQywbxbqoEA7k6","SecondaryAttribute":"Default Quota Group","TertiaryAttribute":null,"Payload":{"ID":"QG_MAQywbxbqoEA7k6","Name":"Default Quota Group","Selected":true,"MultipleMatch":"PlaceInAll","Public":false,"Quotas":[]}},{"SurveyID":"SV_8Bbgqex21KyYDFY","Element":"QGO","PrimaryAttribute":"QGO_QuotaGroupOrder","SecondaryAttribute":null,"TertiaryAttribute":null,"Payload":["QG_MAQywbxbqoEA7k6"]},{"SurveyID":"SV_8Bbgqex21KyYDFY","Element":"RS","PrimaryAttribute":"RS_eRNGnHWvlMz3gea","SecondaryAttribute":"Default Response Set","TertiaryAttribute":null,"Payload":null},{"SurveyID":"SV_8Bbgqex21KyYDFY","Element":"SCO","PrimaryAttribute":"Scoring","SecondaryAttribute":null,"TertiaryAttribute":null,"Payload":{"ScoringCategories":[],"ScoringCategoryGroups":[],"ScoringSummaryCategory":null,"ScoringSummaryAfterQuestions":0,"ScoringSummaryAfterSurvey":0,"DefaultScoringCategory":null,"AutoScoringCategory":null}},{"SurveyID":"SV_8Bbgqex21KyYDFY","Element":"SO","PrimaryAttribute":"Survey Options","SecondaryAttribute":null,"TertiaryAttribute":null,"Payload":{"BackButton":"false","SaveAndContinue":"true","SurveyProtection":"PublicSurvey","BallotBoxStuffingPrevention":"false","NoIndex":"Yes","SecureResponseFiles":"true","SurveyExpiration":"None","SurveyTermination":"DefaultMessage","Header":"","Footer":"","ProgressBarDisplay":"None","PartialData":"+1 week","ValidationMessage":null,"PreviousButton":"","NextButton":"","SurveyTitle":"Qualtrics Survey | Qualtrics Experience Management","SkinLibrary":"cornell","SkinType":"templated","Skin":{"brandingId":"2062141456","templateId":"*base","overrides":null},"NewScoring":1,"SurveyMetaDescription":"The most powerful, simple and trusted way to gather experience data. Start your journey to experience management and try a free account today.","SurveyName":"Testing preservation","EOSMessage":null,"ShowExportTags":"false","CollectGeoLocation":"false","PasswordProtection":"No","AnonymizeResponse":"Yes","RefererCheck":"No","BallotBoxStuffingPreventionBehavior":null,"BallotBoxStuffingPreventionMessage":null,"BallotBoxStuffingPreventionMessageLibrary":null,"BallotBoxStuffingPreventionURL":null,"RecaptchaV3":"false","ConfirmStart":false,"AutoConfirmStart":false,"RelevantID":"false","RelevantIDLockoutPeriod":"+30 days","UseCustomSurveyLinkCompletedMessage":null,"SurveyLinkCompletedMessage":null,"SurveyLinkCompletedMessageLibrary":null,"ResponseSummary":"No","EOSMessageLibrary":null,"EOSRedirectURL":null,"EmailThankYou":"false","ThankYouEmailMessageLibrary":null,"ThankYouEmailMessage":null,"ValidateMessage":"false","ValidationMessageLibrary":null,"InactiveSurvey":"DefaultMessage","PartialDeletion":null,"PartialDataCloseAfter":"LastActivity","InactiveMessageLibrary":null,"InactiveMessage":null,"AvailableLanguages":{"EN":[]},"ProtectSelectionIds":true}},{"SurveyID":"SV_8Bbgqex21KyYDFY","Element":"SQ","PrimaryAttribute":"QID1","SecondaryAttribute":"This brief survey will be used as a demonstration of how to collect data, clean the data and remo...","TertiaryAttribute":null,"Payload":{"QuestionText":"This brief survey will be used as a demonstration of how to collect data, clean the data and remove any confidential information, and publish the data. The information collected is entirely anonymous. It will be used as part of the tutorial for educational purposes. By continuing, you agree that the data you enter will be stored and used for these purposes. You do not need to fill out this information in order to participate in the tutorial. At any point you can choose to stop participating in the survey or not answer any question. Do you consent to participating in this survey?","DataExportTag":"consent","QuestionType":"MC","Selector":"SAVR","SubSelector":"TX","DataVisibility":{"Private":false,"Hidden":false},"Configuration":{"QuestionDescriptionOption":"UseText"},"QuestionDescription":"This brief survey will be used as a demonstration of how to collect data, clean the data and remo...","Choices":{"1":{"Display":"Yes"},"2":{"Display":"No"}},"ChoiceOrder":[1,2],"Validation":{"Settings":{"ForceResponse":"ON","ForceResponseType":"ON","Type":"None"}},"Language":[],"NextChoiceId":3,"NextAnswerId":1,"QuestionID":"QID1","RecodeValues":{"1":"1","2":"0"}}},{"SurveyID":"SV_8Bbgqex21KyYDFY","Element":"SQ","PrimaryAttribute":"QID2","SecondaryAttribute":"What is your age?","TertiaryAttribute":null,"Payload":{"QuestionText":"What is your age?","DefaultChoices":false,"DataExportTag":"age","QuestionID":"QID2","QuestionType":"Slider","Selector":"HSLIDER","DataVisibility":{"Private":false,"Hidden":false},"Configuration":{"QuestionDescriptionOption":"UseText","CSSliderMin":0,"CSSliderMax":100,"GridLines":10,"SnapToGrid":false,"NumDecimals":"0","ShowValue":true,"CustomStart":true,"NotApplicable":false,"MobileFirst":true,"SliderStartPositions":{"1":0.430803571428571452361921956253354437649250030517578125}},"QuestionDescription":"What is your age?","Choices":{"1":{"Display":"Age (years)"}},"ChoiceOrder":[1],"Validation":{"Settings":{"ForceResponse":"OFF","Type":"None"}},"GradingData":[],"Language":[],"NextChoiceId":2,"NextAnswerId":1,"Labels":[]}},{"SurveyID":"SV_8Bbgqex21KyYDFY","Element":"SQ","PrimaryAttribute":"QID3","SecondaryAttribute":"What is your gender?","TertiaryAttribute":null,"Payload":{"QuestionText":"What is your gender?<br>","DefaultChoices":false,"DataExportTag":"gender","QuestionType":"MC","Selector":"SAVR","SubSelector":"TX","DataVisibility":{"Private":false,"Hidden":false},"Configuration":{"QuestionDescriptionOption":"UseText","Autoscale":{"YScale":{"Name":"maleFemale","Type":"likert","Reverse":false}}},"QuestionDescription":"What is your gender?","Choices":{"1":{"Display":"Male"},"2":{"Display":"Female"},"3":{"Display":"Non-binary \/ third gender"},"4":{"Display":"Prefer not to say"}},"ChoiceOrder":["1","2","3","4"],"Validation":{"Settings":{"ForceResponse":"OFF","Type":"None"}},"GradingData":[],"Language":[],"NextChoiceId":5,"NextAnswerId":1,"QuestionID":"QID3"}},{"SurveyID":"SV_8Bbgqex21KyYDFY","Element":"SQ","PrimaryAttribute":"QID4","SecondaryAttribute":"What is your highest completed level of education?","TertiaryAttribute":null,"Payload":{"QuestionText":"What is your highest completed level of education?","DefaultChoices":false,"DataExportTag":"education","QuestionType":"MC","Selector":"SAVR","SubSelector":"TX","DataVisibility":{"Private":false,"Hidden":false},"Configuration":{"QuestionDescriptionOption":"UseText"},"QuestionDescription":"What is your highest completed level of education?","Choices":{"1":{"Display":"Secondary or less"},"2":{"Display":"Bachelor's degree"},"3":{"Display":"Master's degree"},"4":{"Display":"Professional or doctoral degree"}},"ChoiceOrder":[1,2,3,4],"Validation":{"Settings":{"ForceResponse":"OFF","Type":"None"}},"GradingData":[],"Language":[],"NextChoiceId":5,"NextAnswerId":1,"QuestionID":"QID4"}},{"SurveyID":"SV_8Bbgqex21KyYDFY","Element":"SQ","PrimaryAttribute":"QID5","SecondaryAttribute":"On your computer currently, how many open browser tabs do you have?","TertiaryAttribute":null,"Payload":{"QuestionText":"On your computer currently, how many open browser tabs do you have?","DefaultChoices":false,"DataExportTag":"num_tabs","QuestionType":"Slider","Selector":"HSLIDER","DataVisibility":{"Private":false,"Hidden":false},"Configuration":{"QuestionDescriptionOption":"UseText","CSSliderMin":0,"CSSliderMax":50,"GridLines":5,"SnapToGrid":false,"NumDecimals":0,"ShowValue":true,"CustomStart":true,"NotApplicable":false,"MobileFirst":true,"SliderStartPositions":{"1":0}},"QuestionDescription":"On your computer currently, how many open browser tabs do you have?","Choices":{"1":{"Display":"Number of tabs"}},"ChoiceOrder":[1],"Validation":{"Settings":{"ForceResponse":"OFF","Type":"None"}},"GradingData":[],"Language":[],"NextChoiceId":2,"NextAnswerId":1,"Labels":[],"QuestionID":"QID5"}},{"SurveyID":"SV_8Bbgqex21KyYDFY","Element":"SQ","PrimaryAttribute":"QID6","SecondaryAttribute":"This question will ask you for a piece of confidential information. Do not respond with a true an...","TertiaryAttribute":null,"Payload":{"QuestionText":"This question will ask you for a piece of confidential information. Do not respond with a true answer, but instead make up a response. Question: what is your name?","DefaultChoices":false,"DataExportTag":"name_confidential","QuestionType":"TE","Selector":"ML","DataVisibility":{"Private":false,"Hidden":false},"Configuration":{"QuestionDescriptionOption":"UseText"},"QuestionDescription":"This question will ask you for a piece of confidential information. Do not respond with a true an...","Validation":{"Settings":{"ForceResponse":"OFF","Type":"None"}},"GradingData":[],"Language":[],"NextChoiceId":4,"NextAnswerId":1,"SearchSource":{"AllowFreeResponse":"false"},"QuestionID":"QID6"}},{"SurveyID":"SV_8Bbgqex21KyYDFY","Element":"SQ","PrimaryAttribute":"QID7","SecondaryAttribute":"This question will ask you for a piece of confidential information. Do not respond with a true an...","TertiaryAttribute":null,"Payload":{"QuestionText":"This question will ask you for a piece of confidential information. Do not respond with a true answer, but instead make up a response. Question: what is your phone number?","DefaultChoices":false,"DataExportTag":"number_confidential","QuestionType":"TE","Selector":"ML","DataVisibility":{"Private":false,"Hidden":false},"Configuration":{"QuestionDescriptionOption":"UseText"},"QuestionDescription":"This question will ask you for a piece of confidential information. Do not respond with a true an...","Validation":{"Settings":{"ForceResponse":"OFF","ForceResponseType":"ON","Type":"TotalChar","MinChars":"10","TotalChars":"15"}},"GradingData":[],"Language":[],"NextChoiceId":4,"NextAnswerId":1,"SearchSource":{"AllowFreeResponse":"false"},"QuestionID":"QID7"}},{"SurveyID":"SV_8Bbgqex21KyYDFY","Element":"STAT","PrimaryAttribute":"Survey Statistics","SecondaryAttribute":null,"TertiaryAttribute":null,"Payload":{"MobileCompatible":true,"ID":"Survey Statistics"}}]}